// !$*UTF8*$!
{
	archiveVersion = 1;
	classes = {
	};
	objectVersion = 50;
	objects = {

/* Begin PBXBuildFile section */
		539F7BC62C6D7E9B77A5AB52 /* Pods_CinetPay.framework in Frameworks */ = {isa = PBXBuildFile; fileRef = 022488C0103B21FD3842DA69 /* Pods_CinetPay.framework */; };
		6A89485C2221686F00F5F38D /* AppDelegate.swift in Sources */ = {isa = PBXBuildFile; fileRef = 6A89485B2221686F00F5F38D /* AppDelegate.swift */; };
		6A89485E2221686F00F5F38D /* ViewController.swift in Sources */ = {isa = PBXBuildFile; fileRef = 6A89485D2221686F00F5F38D /* ViewController.swift */; };
		6A8948612221686F00F5F38D /* Main.storyboard in Resources */ = {isa = PBXBuildFile; fileRef = 6A89485F2221686F00F5F38D /* Main.storyboard */; };
		6A8948632221687100F5F38D /* Assets.xcassets in Resources */ = {isa = PBXBuildFile; fileRef = 6A8948622221687100F5F38D /* Assets.xcassets */; };
		6A8948662221687100F5F38D /* LaunchScreen.storyboard in Resources */ = {isa = PBXBuildFile; fileRef = 6A8948642221687100F5F38D /* LaunchScreen.storyboard */; };
/* End PBXBuildFile section */

/* Begin PBXFileReference section */
		022488C0103B21FD3842DA69 /* Pods_CinetPay.framework */ = {isa = PBXFileReference; explicitFileType = wrapper.framework; includeInIndex = 0; path = Pods_CinetPay.framework; sourceTree = BUILT_PRODUCTS_DIR; };
		4289E4B119EABD2737FD2403 /* Pods-CinetPay.release.xcconfig */ = {isa = PBXFileReference; includeInIndex = 1; lastKnownFileType = text.xcconfig; name = "Pods-CinetPay.release.xcconfig"; path = "Target Support Files/Pods-CinetPay/Pods-CinetPay.release.xcconfig"; sourceTree = "<group>"; };
		6A8948582221686F00F5F38D /* CinetPay.app */ = {isa = PBXFileReference; explicitFileType = wrapper.application; includeInIndex = 0; path = CinetPay.app; sourceTree = BUILT_PRODUCTS_DIR; };
		6A89485B2221686F00F5F38D /* AppDelegate.swift */ = {isa = PBXFileReference; lastKnownFileType = sourcecode.swift; path = AppDelegate.swift; sourceTree = "<group>"; };
		6A89485D2221686F00F5F38D /* ViewController.swift */ = {isa = PBXFileReference; lastKnownFileType = sourcecode.swift; path = ViewController.swift; sourceTree = "<group>"; };
		6A8948602221686F00F5F38D /* Base */ = {isa = PBXFileReference; lastKnownFileType = file.storyboard; name = Base; path = Base.lproj/Main.storyboard; sourceTree = "<group>"; };
		6A8948622221687100F5F38D /* Assets.xcassets */ = {isa = PBXFileReference; lastKnownFileType = folder.assetcatalog; path = Assets.xcassets; sourceTree = "<group>"; };
		6A8948652221687100F5F38D /* Base */ = {isa = PBXFileReference; lastKnownFileType = file.storyboard; name = Base; path = Base.lproj/LaunchScreen.storyboard; sourceTree = "<group>"; };
		6A8948672221687100F5F38D /* Info.plist */ = {isa = PBXFileReference; lastKnownFileType = text.plist.xml; path = Info.plist; sourceTree = "<group>"; };
		D3BFBB99162F03DA46014ADE /* Pods-CinetPay.debug.xcconfig */ = {isa = PBXFileReference; includeInIndex = 1; lastKnownFileType = text.xcconfig; name = "Pods-CinetPay.debug.xcconfig"; path = "Target Support Files/Pods-CinetPay/Pods-CinetPay.debug.xcconfig"; sourceTree = "<group>"; };
/* End PBXFileReference section */

/* Begin PBXFrameworksBuildPhase section */
		6A8948552221686F00F5F38D /* Frameworks */ = {
			isa = PBXFrameworksBuildPhase;
			buildActionMask = 2147483647;
			files = (
				539F7BC62C6D7E9B77A5AB52 /* Pods_CinetPay.framework in Frameworks */,
			);
			runOnlyForDeploymentPostprocessing = 0;
		};
/* End PBXFrameworksBuildPhase section */

/* Begin PBXGroup section */
		24D93582E40BBB92D003A026 /* Frameworks */ = {
			isa = PBXGroup;
			children = (
				022488C0103B21FD3842DA69 /* Pods_CinetPay.framework */,
			);
			name = Frameworks;
			sourceTree = "<group>";
		};
		6A89484F2221686F00F5F38D = {
			isa = PBXGroup;
			children = (
				6A89485A2221686F00F5F38D /* CinetPay */,
				6A8948592221686F00F5F38D /* Products */,
				A5C753D69925D9A649C419EF /* Pods */,
				24D93582E40BBB92D003A026 /* Frameworks */,
			);
			sourceTree = "<group>";
		};
		6A8948592221686F00F5F38D /* Products */ = {
			isa = PBXGroup;
			children = (
				6A8948582221686F00F5F38D /* CinetPay.app */,
			);
			name = Products;
			sourceTree = "<group>";
		};
		6A89485A2221686F00F5F38D /* CinetPay */ = {
			isa = PBXGroup;
			children = (
				6A89485B2221686F00F5F38D /* AppDelegate.swift */,
				6A89485D2221686F00F5F38D /* ViewController.swift */,
				6A89485F2221686F00F5F38D /* Main.storyboard */,
				6A8948622221687100F5F38D /* Assets.xcassets */,
				6A8948642221687100F5F38D /* LaunchScreen.storyboard */,
				6A8948672221687100F5F38D /* Info.plist */,
			);
			path = CinetPay;
			sourceTree = "<group>";
		};
		A5C753D69925D9A649C419EF /* Pods */ = {
			isa = PBXGroup;
			children = (
				D3BFBB99162F03DA46014ADE /* Pods-CinetPay.debug.xcconfig */,
				4289E4B119EABD2737FD2403 /* Pods-CinetPay.release.xcconfig */,
			);
			path = Pods;
			sourceTree = "<group>";
		};
/* End PBXGroup section */

/* Begin PBXNativeTarget section */
		6A8948572221686F00F5F38D /* CinetPay */ = {
			isa = PBXNativeTarget;
			buildConfigurationList = 6A89486A2221687100F5F38D /* Build configuration list for PBXNativeTarget "CinetPay" */;
			buildPhases = (
				6FA79FFD6BB03D9813341571 /* [CP] Check Pods Manifest.lock */,
				6A8948542221686F00F5F38D /* Sources */,
				6A8948552221686F00F5F38D /* Frameworks */,
				6A8948562221686F00F5F38D /* Resources */,
				0CD48BE84FC786A0A2AC1A7C /* [CP] Embed Pods Frameworks */,
			);
			buildRules = (
			);
			dependencies = (
			);
			name = CinetPay;
			productName = CinetPay;
			productReference = 6A8948582221686F00F5F38D /* CinetPay.app */;
			productType = "com.apple.product-type.application";
		};
/* End PBXNativeTarget section */

/* Begin PBXProject section */
		6A8948502221686F00F5F38D /* Project object */ = {
			isa = PBXProject;
			attributes = {
				LastSwiftUpdateCheck = 1010;
				LastUpgradeCheck = 1010;
				ORGANIZATIONNAME = CinetPay;
				TargetAttributes = {
					6A8948572221686F00F5F38D = {
						CreatedOnToolsVersion = 10.1;
					};
				};
			};
			buildConfigurationList = 6A8948532221686F00F5F38D /* Build configuration list for PBXProject "CinetPay" */;
			compatibilityVersion = "Xcode 9.3";
			developmentRegion = en;
			hasScannedForEncodings = 0;
			knownRegions = (
				en,
				Base,
			);
			mainGroup = 6A89484F2221686F00F5F38D;
			productRefGroup = 6A8948592221686F00F5F38D /* Products */;
			projectDirPath = "";
			projectRoot = "";
			targets = (
				6A8948572221686F00F5F38D /* CinetPay */,
			);
		};
/* End PBXProject section */

/* Begin PBXResourcesBuildPhase section */
		6A8948562221686F00F5F38D /* Resources */ = {
			isa = PBXResourcesBuildPhase;
			buildActionMask = 2147483647;
			files = (
				6A8948662221687100F5F38D /* LaunchScreen.storyboard in Resources */,
				6A8948632221687100F5F38D /* Assets.xcassets in Resources */,
				6A8948612221686F00F5F38D /* Main.storyboard in Resources */,
			);
			runOnlyForDeploymentPostprocessing = 0;
		};
/* End PBXResourcesBuildPhase section */

/* Begin PBXShellScriptBuildPhase section */
		0CD48BE84FC786A0A2AC1A7C /* [CP] Embed Pods Frameworks */ = {
			isa = PBXShellScriptBuildPhase;
			buildActionMask = 2147483647;
			files = (
			);
			inputFileListPaths = (
			);
			inputPaths = (
				"${PODS_ROOT}/Target Support Files/Pods-CinetPay/Pods-CinetPay-frameworks.sh",
				"${BUILT_PRODUCTS_DIR}/SDKCinetPay/SDKCinetPay.framework",
			);
			name = "[CP] Embed Pods Frameworks";
			outputFileListPaths = (
			);
			outputPaths = (
				"${TARGET_BUILD_DIR}/${FRAMEWORKS_FOLDER_PATH}/SDKCinetPay.framework",
			);
			runOnlyForDeploymentPostprocessing = 0;
			shellPath = /bin/sh;
			shellScript = "\"${PODS_ROOT}/Target Support Files/Pods-CinetPay/Pods-CinetPay-frameworks.sh\"\n";
			showEnvVarsInLog = 0;
		};
		6FA79FFD6BB03D9813341571 /* [CP] Check Pods Manifest.lock */ = {
			isa = PBXShellScriptBuildPhase;
			buildActionMask = 2147483647;
			files = (
			);
			inputFileListPaths = (
			);
			inputPaths = (
				"${PODS_PODFILE_DIR_PATH}/Podfile.lock",
				"${PODS_ROOT}/Manifest.lock",
			);
			name = "[CP] Check Pods Manifest.lock";
			outputFileListPaths = (
			);
			outputPaths = (
				"$(DERIVED_FILE_DIR)/Pods-CinetPay-checkManifestLockResult.txt",
			);
			runOnlyForDeploymentPostprocessing = 0;
			shellPath = /bin/sh;
			shellScript = "diff \"${PODS_PODFILE_DIR_PATH}/Podfile.lock\" \"${PODS_ROOT}/Manifest.lock\" > /dev/null\nif [ $? != 0 ] ; then\n    # print error to STDERR\n    echo \"error: The sandbox is not in sync with the Podfile.lock. Run 'pod install' or update your CocoaPods installation.\" >&2\n    exit 1\nfi\n# This output is used by Xcode 'outputs' to avoid re-running this script phase.\necho \"SUCCESS\" > \"${SCRIPT_OUTPUT_FILE_0}\"\n";
			showEnvVarsInLog = 0;
		};
/* End PBXShellScriptBuildPhase section */

/* Begin PBXSourcesBuildPhase section */
		6A8948542221686F00F5F38D /* Sources */ = {
			isa = PBXSourcesBuildPhase;
			buildActionMask = 2147483647;
			files = (
				6A89485E2221686F00F5F38D /* ViewController.swift in Sources */,
				6A89485C2221686F00F5F38D /* AppDelegate.swift in Sources */,
			);
			runOnlyForDeploymentPostprocessing = 0;
		};
/* End PBXSourcesBuildPhase section */

/* Begin PBXVariantGroup section */
		6A89485F2221686F00F5F38D /* Main.storyboard */ = {
			isa = PBXVariantGroup;
			children = (
				6A8948602221686F00F5F38D /* Base */,
			);
			name = Main.storyboard;
			sourceTree = "<group>";
		};
		6A8948642221687100F5F38D /* LaunchScreen.storyboard */ = {
			isa = PBXVariantGroup;
			children = (
				6A8948652221687100F5F38D /* Base */,
			);
			name = LaunchScreen.storyboard;
			sourceTree = "<group>";
		};
/* End PBXVariantGroup section */

/* Begin XCBuildConfiguration section */
		6A8948682221687100F5F38D /* Debug */ = {
			isa = XCBuildConfiguration;
			buildSettings = {
				ALWAYS_SEARCH_USER_PATHS = NO;
				CLANG_ANALYZER_NONNULL = YES;
				CLANG_ANALYZER_NUMBER_OBJECT_CONVERSION = YES_AGGRESSIVE;
				CLANG_CXX_LANGUAGE_STANDARD = "gnu++14";
				CLANG_CXX_LIBRARY = "libc++";
				CLANG_ENABLE_MODULES = YES;
				CLANG_ENABLE_OBJC_ARC = YES;
				CLANG_ENABLE_OBJC_WEAK = YES;
				CLANG_WARN_BLOCK_CAPTURE_AUTORELEASING = YES;
				CLANG_WARN_BOOL_CONVERSION = YES;
				CLANG_WARN_COMMA = YES;
				CLANG_WARN_CONSTANT_CONVERSION = YES;
				CLANG_WARN_DEPRECATED_OBJC_IMPLEMENTATIONS = YES;
				CLANG_WARN_DIRECT_OBJC_ISA_USAGE = YES_ERROR;
				CLANG_WARN_DOCUMENTATION_COMMENTS = YES;
				CLANG_WARN_EMPTY_BODY = YES;
				CLANG_WARN_ENUM_CONVERSION = YES;
				CLANG_WARN_INFINITE_RECURSION = YES;
				CLANG_WARN_INT_CONVERSION = YES;
				CLANG_WARN_NON_LITERAL_NULL_CONVERSION = YES;
				CLANG_WARN_OBJC_IMPLICIT_RETAIN_SELF = YES;
				CLANG_WARN_OBJC_LITERAL_CONVERSION = YES;
				CLANG_WARN_OBJC_ROOT_CLASS = YES_ERROR;
				CLANG_WARN_RANGE_LOOP_ANALYSIS = YES;
				CLANG_WARN_STRICT_PROTOTYPES = YES;
				CLANG_WARN_SUSPICIOUS_MOVE = YES;
				CLANG_WARN_UNGUARDED_AVAILABILITY = YES_AGGRESSIVE;
				CLANG_WARN_UNREACHABLE_CODE = YES;
				CLANG_WARN__DUPLICATE_METHOD_MATCH = YES;
				CODE_SIGN_IDENTITY = "iPhone Developer";
				COPY_PHASE_STRIP = NO;
				DEBUG_INFORMATION_FORMAT = dwarf;
				ENABLE_STRICT_OBJC_MSGSEND = YES;
				ENABLE_TESTABILITY = YES;
				GCC_C_LANGUAGE_STANDARD = gnu11;
				GCC_DYNAMIC_NO_PIC = NO;
				GCC_NO_COMMON_BLOCKS = YES;
				GCC_OPTIMIZATION_LEVEL = 0;
				GCC_PREPROCESSOR_DEFINITIONS = (
					"DEBUG=1",
					"$(inherited)",
				);
				GCC_WARN_64_TO_32_BIT_CONVERSION = YES;
				GCC_WARN_ABOUT_RETURN_TYPE = YES_ERROR;
				GCC_WARN_UNDECLARED_SELECTOR = YES;
				GCC_WARN_UNINITIALIZED_AUTOS = YES_AGGRESSIVE;
				GCC_WARN_UNUSED_FUNCTION = YES;
				GCC_WARN_UNUSED_VARIABLE = YES;
				IPHONEOS_DEPLOYMENT_TARGET = 12.1;
				MTL_ENABLE_DEBUG_INFO = INCLUDE_SOURCE;
				MTL_FAST_MATH = YES;
				ONLY_ACTIVE_ARCH = YES;
				SDKROOT = iphoneos;
				SWIFT_ACTIVE_COMPILATION_CONDITIONS = DEBUG;
				SWIFT_OPTIMIZATION_LEVEL = "-Onone";
			};
			name = Debug;
		};
		6A8948692221687100F5F38D /* Release */ = {
			isa = XCBuildConfiguration;
			buildSettings = {
				ALWAYS_SEARCH_USER_PATHS = NO;
				CLANG_ANALYZER_NONNULL = YES;
				CLANG_ANALYZER_NUMBER_OBJECT_CONVERSION = YES_AGGRESSIVE;
				CLANG_CXX_LANGUAGE_STANDARD = "gnu++14";
				CLANG_CXX_LIBRARY = "libc++";
				CLANG_ENABLE_MODULES = YES;
				CLANG_ENABLE_OBJC_ARC = YES;
				CLANG_ENABLE_OBJC_WEAK = YES;
				CLANG_WARN_BLOCK_CAPTURE_AUTORELEASING = YES;
				CLANG_WARN_BOOL_CONVERSION = YES;
				CLANG_WARN_COMMA = YES;
				CLANG_WARN_CONSTANT_CONVERSION = YES;
				CLANG_WARN_DEPRECATED_OBJC_IMPLEMENTATIONS = YES;
				CLANG_WARN_DIRECT_OBJC_ISA_USAGE = YES_ERROR;
				CLANG_WARN_DOCUMENTATION_COMMENTS = YES;
				CLANG_WARN_EMPTY_BODY = YES;
				CLANG_WARN_ENUM_CONVERSION = YES;
				CLANG_WARN_INFINITE_RECURSION = YES;
				CLANG_WARN_INT_CONVERSION = YES;
				CLANG_WARN_NON_LITERAL_NULL_CONVERSION = YES;
				CLANG_WARN_OBJC_IMPLICIT_RETAIN_SELF = YES;
				CLANG_WARN_OBJC_LITERAL_CONVERSION = YES;
				CLANG_WARN_OBJC_ROOT_CLASS = YES_ERROR;
				CLANG_WARN_RANGE_LOOP_ANALYSIS = YES;
				CLANG_WARN_STRICT_PROTOTYPES = YES;
				CLANG_WARN_SUSPICIOUS_MOVE = YES;
				CLANG_WARN_UNGUARDED_AVAILABILITY = YES_AGGRESSIVE;
				CLANG_WARN_UNREACHABLE_CODE = YES;
				CLANG_WARN__DUPLICATE_METHOD_MATCH = YES;
				CODE_SIGN_IDENTITY = "iPhone Developer";
				COPY_PHASE_STRIP = NO;
				DEBUG_INFORMATION_FORMAT = "dwarf-with-dsym";
				ENABLE_NS_ASSERTIONS = NO;
				ENABLE_STRICT_OBJC_MSGSEND = YES;
				GCC_C_LANGUAGE_STANDARD = gnu11;
				GCC_NO_COMMON_BLOCKS = YES;
				GCC_WARN_64_TO_32_BIT_CONVERSION = YES;
				GCC_WARN_ABOUT_RETURN_TYPE = YES_ERROR;
				GCC_WARN_UNDECLARED_SELECTOR = YES;
				GCC_WARN_UNINITIALIZED_AUTOS = YES_AGGRESSIVE;
				GCC_WARN_UNUSED_FUNCTION = YES;
				GCC_WARN_UNUSED_VARIABLE = YES;
				IPHONEOS_DEPLOYMENT_TARGET = 12.1;
				MTL_ENABLE_DEBUG_INFO = NO;
				MTL_FAST_MATH = YES;
				SDKROOT = iphoneos;
				SWIFT_COMPILATION_MODE = wholemodule;
				SWIFT_OPTIMIZATION_LEVEL = "-O";
				VALIDATE_PRODUCT = YES;
			};
			name = Release;
		};
		6A89486B2221687100F5F38D /* Debug */ = {
			isa = XCBuildConfiguration;
			baseConfigurationReference = D3BFBB99162F03DA46014ADE /* Pods-CinetPay.debug.xcconfig */;
			buildSettings = {
				ASSETCATALOG_COMPILER_APPICON_NAME = AppIcon;
				CODE_SIGN_STYLE = Automatic;
				DEVELOPMENT_TEAM = JCN23292BP;
				INFOPLIST_FILE = CinetPay/Info.plist;
				IPHONEOS_DEPLOYMENT_TARGET = 12.0;
				LD_RUNPATH_SEARCH_PATHS = (
					"$(inherited)",
					"@executable_path/Frameworks",
				);
				PRODUCT_BUNDLE_IDENTIFIER = com.cinetpay.CinetPay;
				PRODUCT_NAME = "$(TARGET_NAME)";
				SWIFT_VERSION = 4.2;
				TARGETED_DEVICE_FAMILY = "1,2";
			};
			name = Debug;
		};
		6A89486C2221687100F5F38D /* Release */ = {
			isa = XCBuildConfiguration;
			baseConfigurationReference = 4289E4B119EABD2737FD2403 /* Pods-CinetPay.release.xcconfig */;
			buildSettings = {
				ASSETCATALOG_COMPILER_APPICON_NAME = AppIcon;
				CODE_SIGN_STYLE = Automatic;
				DEVELOPMENT_TEAM = JCN23292BP;
				INFOPLIST_FILE = CinetPay/Info.plist;
				IPHONEOS_DEPLOYMENT_TARGET = 12.0;
				LD_RUNPATH_SEARCH_PATHS = (
					"$(inherited)",
					"@executable_path/Frameworks",
				);
				PRODUCT_BUNDLE_IDENTIFIER = com.cinetpay.CinetPay;
				PRODUCT_NAME = "$(TARGET_NAME)";
				SWIFT_VERSION = 4.2;
				TARGETED_DEVICE_FAMILY = "1,2";
			};
			name = Release;
		};
/* End XCBuildConfiguration section */

/* Begin XCConfigurationList section */
		6A8948532221686F00F5F38D /* Build configuration list for PBXProject "CinetPay" */ = {
			isa = XCConfigurationList;
			buildConfigurations = (
				6A8948682221687100F5F38D /* Debug */,
				6A8948692221687100F5F38D /* Release */,
			);
			defaultConfigurationIsVisible = 0;
			defaultConfigurationName = Release;
		};
		6A89486A2221687100F5F38D /* Build configuration list for PBXNativeTarget "CinetPay" */ = {
			isa = XCConfigurationList;
			buildConfigurations = (
				6A89486B2221687100F5F38D /* Debug */,
				6A89486C2221687100F5F38D /* Release */,
			);
			defaultConfigurationIsVisible = 0;
			defaultConfigurationName = Release;
		};
/* End XCConfigurationList section */
	};
	rootObject = 6A8948502221686F00F5F38D /* Project object */;
}
